// !$*UTF8*$!
{
	archiveVersion = 1;
	classes = {
	};
	objectVersion = 56;
	objects = {

/* Begin PBXBuildFile section */
		48538D512C2C62B1005021A0 /* AppDelegate.swift in Sources */ = {isa = PBXBuildFile; fileRef = 48538D502C2C62B1005021A0 /* AppDelegate.swift */; };
		48538D532C2C62B1005021A0 /* SceneDelegate.swift in Sources */ = {isa = PBXBuildFile; fileRef = 48538D522C2C62B1005021A0 /* SceneDelegate.swift */; };
		48538D552C2C62B1005021A0 /* ViewController.swift in Sources */ = {isa = PBXBuildFile; fileRef = 48538D542C2C62B1005021A0 /* ViewController.swift */; };
		48538D582C2C62B1005021A0 /* Main.storyboard in Resources */ = {isa = PBXBuildFile; fileRef = 48538D562C2C62B1005021A0 /* Main.storyboard */; };
		48538D5B2C2C62B1005021A0 /* To_Do_Lists.xcdatamodeld in Sources */ = {isa = PBXBuildFile; fileRef = 48538D592C2C62B1005021A0 /* To_Do_Lists.xcdatamodeld */; };
		48538D5D2C2C62B2005021A0 /* Assets.xcassets in Resources */ = {isa = PBXBuildFile; fileRef = 48538D5C2C2C62B2005021A0 /* Assets.xcassets */; };
		48538D602C2C62B2005021A0 /* LaunchScreen.storyboard in Resources */ = {isa = PBXBuildFile; fileRef = 48538D5E2C2C62B2005021A0 /* LaunchScreen.storyboard */; };
/* End PBXBuildFile section */

/* Begin PBXFileReference section */
		48538D4D2C2C62B1005021A0 /* To-Do Lists.app */ = {isa = PBXFileReference; explicitFileType = wrapper.application; includeInIndex = 0; path = "To-Do Lists.app"; sourceTree = BUILT_PRODUCTS_DIR; };
		48538D502C2C62B1005021A0 /* AppDelegate.swift */ = {isa = PBXFileReference; lastKnownFileType = sourcecode.swift; path = AppDelegate.swift; sourceTree = "<group>"; };
		48538D522C2C62B1005021A0 /* SceneDelegate.swift */ = {isa = PBXFileReference; lastKnownFileType = sourcecode.swift; path = SceneDelegate.swift; sourceTree = "<group>"; };
		48538D542C2C62B1005021A0 /* ViewController.swift */ = {isa = PBXFileReference; lastKnownFileType = sourcecode.swift; path = ViewController.swift; sourceTree = "<group>"; };
		48538D572C2C62B1005021A0 /* Base */ = {isa = PBXFileReference; lastKnownFileType = file.storyboard; name = Base; path = Base.lproj/Main.storyboard; sourceTree = "<group>"; };
		48538D5A2C2C62B1005021A0 /* To_Do_Lists.xcdatamodel */ = {isa = PBXFileReference; lastKnownFileType = wrapper.xcdatamodel; path = To_Do_Lists.xcdatamodel; sourceTree = "<group>"; };
		48538D5C2C2C62B2005021A0 /* Assets.xcassets */ = {isa = PBXFileReference; lastKnownFileType = folder.assetcatalog; path = Assets.xcassets; sourceTree = "<group>"; };
		48538D5F2C2C62B2005021A0 /* Base */ = {isa = PBXFileReference; lastKnownFileType = file.storyboard; name = Base; path = Base.lproj/LaunchScreen.storyboard; sourceTree = "<group>"; };
		48538D612C2C62B2005021A0 /* Info.plist */ = {isa = PBXFileReference; lastKnownFileType = text.plist.xml; path = Info.plist; sourceTree = "<group>"; };
/* End PBXFileReference section */

/* Begin PBXFrameworksBuildPhase section */
		48538D4A2C2C62B1005021A0 /* Frameworks */ = {
			isa = PBXFrameworksBuildPhase;
			buildActionMask = 2147483647;
			files = (
			);
			runOnlyForDeploymentPostprocessing = 0;
		};
/* End PBXFrameworksBuildPhase section */

/* Begin PBXGroup section */
		48538D442C2C62B1005021A0 = {
			isa = PBXGroup;
			children = (
				48538D4F2C2C62B1005021A0 /* To-Do Lists */,
				48538D4E2C2C62B1005021A0 /* Products */,
			);
			sourceTree = "<group>";
		};
		48538D4E2C2C62B1005021A0 /* Products */ = {
			isa = PBXGroup;
			children = (
				48538D4D2C2C62B1005021A0 /* To-Do Lists.app */,
			);
			name = Products;
			sourceTree = "<group>";
		};
		48538D4F2C2C62B1005021A0 /* To-Do Lists */ = {
			isa = PBXGroup;
			children = (
				48538D502C2C62B1005021A0 /* AppDelegate.swift */,
				48538D522C2C62B1005021A0 /* SceneDelegate.swift */,
				48538D542C2C62B1005021A0 /* ViewController.swift */,
				48538D562C2C62B1005021A0 /* Main.storyboard */,
				48538D5C2C2C62B2005021A0 /* Assets.xcassets */,
				48538D5E2C2C62B2005021A0 /* LaunchScreen.storyboard */,
				48538D612C2C62B2005021A0 /* Info.plist */,
				48538D592C2C62B1005021A0 /* To_Do_Lists.xcdatamodeld */,
			);
			path = "To-Do Lists";
			sourceTree = "<group>";
		};
/* End PBXGroup section */

/* Begin PBXNativeTarget section */
		48538D4C2C2C62B1005021A0 /* To-Do Lists */ = {
			isa = PBXNativeTarget;
			buildConfigurationList = 48538D642C2C62B2005021A0 /* Build configuration list for PBXNativeTarget "To-Do Lists" */;
			buildPhases = (
				48538D492C2C62B1005021A0 /* Sources */,
				48538D4A2C2C62B1005021A0 /* Frameworks */,
				48538D4B2C2C62B1005021A0 /* Resources */,
			);
			buildRules = (
			);
			dependencies = (
			);
			name = "To-Do Lists";
			productName = "To-Do Lists";
			productReference = 48538D4D2C2C62B1005021A0 /* To-Do Lists.app */;
			productType = "com.apple.product-type.application";
		};
/* End PBXNativeTarget section */

/* Begin PBXProject section */
		48538D452C2C62B1005021A0 /* Project object */ = {
			isa = PBXProject;
			attributes = {
				BuildIndependentTargetsInParallel = 1;
				LastSwiftUpdateCheck = 1420;
				LastUpgradeCheck = 1420;
				TargetAttributes = {
					48538D4C2C2C62B1005021A0 = {
						CreatedOnToolsVersion = 14.2;
					};
				};
			};
			buildConfigurationList = 48538D482C2C62B1005021A0 /* Build configuration list for PBXProject "To-Do Lists" */;
			compatibilityVersion = "Xcode 14.0";
			developmentRegion = en;
			hasScannedForEncodings = 0;
			knownRegions = (
				en,
				Base,
			);
			mainGroup = 48538D442C2C62B1005021A0;
			productRefGroup = 48538D4E2C2C62B1005021A0 /* Products */;
			projectDirPath = "";
			projectRoot = "";
			targets = (
				48538D4C2C2C62B1005021A0 /* To-Do Lists */,
			);
		};
/* End PBXProject section */

/* Begin PBXResourcesBuildPhase section */
		48538D4B2C2C62B1005021A0 /* Resources */ = {
			isa = PBXResourcesBuildPhase;
			buildActionMask = 2147483647;
			files = (
				48538D602C2C62B2005021A0 /* LaunchScreen.storyboard in Resources */,
				48538D5D2C2C62B2005021A0 /* Assets.xcassets in Resources */,
				48538D582C2C62B1005021A0 /* Main.storyboard in Resources */,
			);
			runOnlyForDeploymentPostprocessing = 0;
		};
/* End PBXResourcesBuildPhase section */

/* Begin PBXSourcesBuildPhase section */
		48538D492C2C62B1005021A0 /* Sources */ = {
			isa = PBXSourcesBuildPhase;
			buildActionMask = 2147483647;
			files = (
				48538D552C2C62B1005021A0 /* ViewController.swift in Sources */,
				48538D512C2C62B1005021A0 /* AppDelegate.swift in Sources */,
				48538D532C2C62B1005021A0 /* SceneDelegate.swift in Sources */,
				48538D5B2C2C62B1005021A0 /* To_Do_Lists.xcdatamodeld in Sources */,
			);
			runOnlyForDeploymentPostprocessing = 0;
		};
/* End PBXSourcesBuildPhase section */

/* Begin PBXVariantGroup section */
		48538D562C2C62B1005021A0 /* Main.storyboard */ = {
			isa = PBXVariantGroup;
			children = (
				48538D572C2C62B1005021A0 /* Base */,
			);
			name = Main.storyboard;
			sourceTree = "<group>";
		};
		48538D5E2C2C62B2005021A0 /* LaunchScreen.storyboard */ = {
			isa = PBXVariantGroup;
			children = (
				48538D5F2C2C62B2005021A0 /* Base */,
			);
			name = LaunchScreen.storyboard;
			sourceTree = "<group>";
		};
/* End PBXVariantGroup section */

/* Begin XCBuildConfiguration section */
		48538D622C2C62B2005021A0 /* Debug */ = {
			isa = XCBuildConfiguration;
			buildSettings = {
				ALWAYS_SEARCH_USER_PATHS = NO;
				CLANG_ANALYZER_NONNULL = YES;
				CLANG_ANALYZER_NUMBER_OBJECT_CONVERSION = YES_AGGRESSIVE;
				CLANG_CXX_LANGUAGE_STANDARD = "gnu++20";
				CLANG_ENABLE_MODULES = YES;
				CLANG_ENABLE_OBJC_ARC = YES;
				CLANG_ENABLE_OBJC_WEAK = YES;
				CLANG_WARN_BLOCK_CAPTURE_AUTORELEASING = YES;
				CLANG_WARN_BOOL_CONVERSION = YES;
				CLANG_WARN_COMMA = YES;
				CLANG_WARN_CONSTANT_CONVERSION = YES;
				CLANG_WARN_DEPRECATED_OBJC_IMPLEMENTATIONS = YES;
				CLANG_WARN_DIRECT_OBJC_ISA_USAGE = YES_ERROR;
				CLANG_WARN_DOCUMENTATION_COMMENTS = YES;
				CLANG_WARN_EMPTY_BODY = YES;
				CLANG_WARN_ENUM_CONVERSION = YES;
				CLANG_WARN_INFINITE_RECURSION = YES;
				CLANG_WARN_INT_CONVERSION = YES;
				CLANG_WARN_NON_LITERAL_NULL_CONVERSION = YES;
				CLANG_WARN_OBJC_IMPLICIT_RETAIN_SELF = YES;
				CLANG_WARN_OBJC_LITERAL_CONVERSION = YES;
				CLANG_WARN_OBJC_ROOT_CLASS = YES_ERROR;
				CLANG_WARN_QUOTED_INCLUDE_IN_FRAMEWORK_HEADER = YES;
				CLANG_WARN_RANGE_LOOP_ANALYSIS = YES;
				CLANG_WARN_STRICT_PROTOTYPES = YES;
				CLANG_WARN_SUSPICIOUS_MOVE = YES;
				CLANG_WARN_UNGUARDED_AVAILABILITY = YES_AGGRESSIVE;
				CLANG_WARN_UNREACHABLE_CODE = YES;
				CLANG_WARN__DUPLICATE_METHOD_MATCH = YES;
				COPY_PHASE_STRIP = NO;
				DEBUG_INFORMATION_FORMAT = dwarf;
				ENABLE_STRICT_OBJC_MSGSEND = YES;
				ENABLE_TESTABILITY = YES;
				GCC_C_LANGUAGE_STANDARD = gnu11;
				GCC_DYNAMIC_NO_PIC = NO;
				GCC_NO_COMMON_BLOCKS = YES;
				GCC_OPTIMIZATION_LEVEL = 0;
				GCC_PREPROCESSOR_DEFINITIONS = (
					"DEBUG=1",
					"$(inherited)",
				);
				GCC_WARN_64_TO_32_BIT_CONVERSION = YES;
				GCC_WARN_ABOUT_RETURN_TYPE = YES_ERROR;
				GCC_WARN_UNDECLARED_SELECTOR = YES;
				GCC_WARN_UNINITIALIZED_AUTOS = YES_AGGRESSIVE;
				GCC_WARN_UNUSED_FUNCTION = YES;
				GCC_WARN_UNUSED_VARIABLE = YES;
				IPHONEOS_DEPLOYMENT_TARGET = 16.2;
				MTL_ENABLE_DEBUG_INFO = INCLUDE_SOURCE;
				MTL_FAST_MATH = YES;
				ONLY_ACTIVE_ARCH = YES;
				SDKROOT = iphoneos;
				SWIFT_ACTIVE_COMPILATION_CONDITIONS = DEBUG;
				SWIFT_OPTIMIZATION_LEVEL = "-Onone";
			};
			name = Debug;
		};
		48538D632C2C62B2005021A0 /* Release */ = {
			isa = XCBuildConfiguration;
			buildSettings = {
				ALWAYS_SEARCH_USER_PATHS = NO;
				CLANG_ANALYZER_NONNULL = YES;
				CLANG_ANALYZER_NUMBER_OBJECT_CONVERSION = YES_AGGRESSIVE;
				CLANG_CXX_LANGUAGE_STANDARD = "gnu++20";
				CLANG_ENABLE_MODULES = YES;
				CLANG_ENABLE_OBJC_ARC = YES;
				CLANG_ENABLE_OBJC_WEAK = YES;
				CLANG_WARN_BLOCK_CAPTURE_AUTORELEASING = YES;
				CLANG_WARN_BOOL_CONVERSION = YES;
				CLANG_WARN_COMMA = YES;
				CLANG_WARN_CONSTANT_CONVERSION = YES;
				CLANG_WARN_DEPRECATED_OBJC_IMPLEMENTATIONS = YES;
				CLANG_WARN_DIRECT_OBJC_ISA_USAGE = YES_ERROR;
				CLANG_WARN_DOCUMENTATION_COMMENTS = YES;
				CLANG_WARN_EMPTY_BODY = YES;
				CLANG_WARN_ENUM_CONVERSION = YES;
				CLANG_WARN_INFINITE_RECURSION = YES;
				CLANG_WARN_INT_CONVERSION = YES;
				CLANG_WARN_NON_LITERAL_NULL_CONVERSION = YES;
				CLANG_WARN_OBJC_IMPLICIT_RETAIN_SELF = YES;
				CLANG_WARN_OBJC_LITERAL_CONVERSION = YES;
				CLANG_WARN_OBJC_ROOT_CLASS = YES_ERROR;
				CLANG_WARN_QUOTED_INCLUDE_IN_FRAMEWORK_HEADER = YES;
				CLANG_WARN_RANGE_LOOP_ANALYSIS = YES;
				CLANG_WARN_STRICT_PROTOTYPES = YES;
				CLANG_WARN_SUSPICIOUS_MOVE = YES;
				CLANG_WARN_UNGUARDED_AVAILABILITY = YES_AGGRESSIVE;
				CLANG_WARN_UNREACHABLE_CODE = YES;
				CLANG_WARN__DUPLICATE_METHOD_MATCH = YES;
				COPY_PHASE_STRIP = NO;
				DEBUG_INFORMATION_FORMAT = "dwarf-with-dsym";
				ENABLE_NS_ASSERTIONS = NO;
				ENABLE_STRICT_OBJC_MSGSEND = YES;
				GCC_C_LANGUAGE_STANDARD = gnu11;
				GCC_NO_COMMON_BLOCKS = YES;
				GCC_WARN_64_TO_32_BIT_CONVERSION = YES;
				GCC_WARN_ABOUT_RETURN_TYPE = YES_ERROR;
				GCC_WARN_UNDECLARED_SELECTOR = YES;
				GCC_WARN_UNINITIALIZED_AUTOS = YES_AGGRESSIVE;
				GCC_WARN_UNUSED_FUNCTION = YES;
				GCC_WARN_UNUSED_VARIABLE = YES;
				IPHONEOS_DEPLOYMENT_TARGET = 16.2;
				MTL_ENABLE_DEBUG_INFO = NO;
				MTL_FAST_MATH = YES;
				SDKROOT = iphoneos;
				SWIFT_COMPILATION_MODE = wholemodule;
				SWIFT_OPTIMIZATION_LEVEL = "-O";
				VALIDATE_PRODUCT = YES;
			};
			name = Release;
		};
		48538D652C2C62B2005021A0 /* Debug */ = {
			isa = XCBuildConfiguration;
			buildSettings = {
				ASSETCATALOG_COMPILER_APPICON_NAME = AppIcon;
				ASSETCATALOG_COMPILER_GLOBAL_ACCENT_COLOR_NAME = AccentColor;
				CODE_SIGN_STYLE = Automatic;
				CURRENT_PROJECT_VERSION = 1;
				DEVELOPMENT_TEAM = G6JGSRL2W2;
				GENERATE_INFOPLIST_FILE = YES;
				INFOPLIST_FILE = "To-Do Lists/Info.plist";
				INFOPLIST_KEY_UIApplicationSupportsIndirectInputEvents = YES;
				INFOPLIST_KEY_UILaunchStoryboardName = LaunchScreen;
				INFOPLIST_KEY_UIMainStoryboardFile = Main;
				INFOPLIST_KEY_UISupportedInterfaceOrientations_iPad = "UIInterfaceOrientationPortrait UIInterfaceOrientationPortraitUpsideDown UIInterfaceOrientationLandscapeLeft UIInterfaceOrientationLandscapeRight";
				INFOPLIST_KEY_UISupportedInterfaceOrientations_iPhone = "UIInterfaceOrientationPortrait UIInterfaceOrientationLandscapeLeft UIInterfaceOrientationLandscapeRight";
				LD_RUNPATH_SEARCH_PATHS = (
					"$(inherited)",
					"@executable_path/Frameworks",
				);
				MARKETING_VERSION = 1.0;
				PRODUCT_BUNDLE_IDENTIFIER = "com.izalak.To-Do-Lists";
				PRODUCT_NAME = "$(TARGET_NAME)";
				SWIFT_EMIT_LOC_STRINGS = YES;
				SWIFT_VERSION = 5.0;
				TARGETED_DEVICE_FAMILY = "1,2";
			};
			name = Debug;
		};
		48538D662C2C62B2005021A0 /* Release */ = {
			isa = XCBuildConfiguration;
			buildSettings = {
				ASSETCATALOG_COMPILER_APPICON_NAME = AppIcon;
				ASSETCATALOG_COMPILER_GLOBAL_ACCENT_COLOR_NAME = AccentColor;
				CODE_SIGN_STYLE = Automatic;
				CURRENT_PROJECT_VERSION = 1;
				DEVELOPMENT_TEAM = G6JGSRL2W2;
				GENERATE_INFOPLIST_FILE = YES;
				INFOPLIST_FILE = "To-Do Lists/Info.plist";
				INFOPLIST_KEY_UIApplicationSupportsIndirectInputEvents = YES;
				INFOPLIST_KEY_UILaunchStoryboardName = LaunchScreen;
				INFOPLIST_KEY_UIMainStoryboardFile = Main;
				INFOPLIST_KEY_UISupportedInterfaceOrientations_iPad = "UIInterfaceOrientationPortrait UIInterfaceOrientationPortraitUpsideDown UIInterfaceOrientationLandscapeLeft UIInterfaceOrientationLandscapeRight";
				INFOPLIST_KEY_UISupportedInterfaceOrientations_iPhone = "UIInterfaceOrientationPortrait UIInterfaceOrientationLandscapeLeft UIInterfaceOrientationLandscapeRight";
				LD_RUNPATH_SEARCH_PATHS = (
					"$(inherited)",
					"@executable_path/Frameworks",
				);
				MARKETING_VERSION = 1.0;
				PRODUCT_BUNDLE_IDENTIFIER = "com.izalak.To-Do-Lists";
				PRODUCT_NAME = "$(TARGET_NAME)";
				SWIFT_EMIT_LOC_STRINGS = YES;
				SWIFT_VERSION = 5.0;
				TARGETED_DEVICE_FAMILY = "1,2";
			};
			name = Release;
		};
/* End XCBuildConfiguration section */

/* Begin XCConfigurationList section */
		48538D482C2C62B1005021A0 /* Build configuration list for PBXProject "To-Do Lists" */ = {
			isa = XCConfigurationList;
			buildConfigurations = (
				48538D622C2C62B2005021A0 /* Debug */,
				48538D632C2C62B2005021A0 /* Release */,
			);
			defaultConfigurationIsVisible = 0;
			defaultConfigurationName = Release;
		};
		48538D642C2C62B2005021A0 /* Build configuration list for PBXNativeTarget "To-Do Lists" */ = {
			isa = XCConfigurationList;
			buildConfigurations = (
				48538D652C2C62B2005021A0 /* Debug */,
				48538D662C2C62B2005021A0 /* Release */,
			);
			defaultConfigurationIsVisible = 0;
			defaultConfigurationName = Release;
		};
/* End XCConfigurationList section */

/* Begin XCVersionGroup section */
		48538D592C2C62B1005021A0 /* To_Do_Lists.xcdatamodeld */ = {
			isa = XCVersionGroup;
			children = (
				48538D5A2C2C62B1005021A0 /* To_Do_Lists.xcdatamodel */,
			);
			currentVersion = 48538D5A2C2C62B1005021A0 /* To_Do_Lists.xcdatamodel */;
			path = To_Do_Lists.xcdatamodeld;
			sourceTree = "<group>";
			versionGroupType = wrapper.xcdatamodel;
		};
/* End XCVersionGroup section */
	};
	rootObject = 48538D452C2C62B1005021A0 /* Project object */;
}
